
Microsoft Visual Studio Solution File, Format Version 12.00
# Visual Studio Version 17
VisualStudioVersion = 17.14.36414.22 d17.14
MinimumVisualStudioVersion = 10.0.40219.1
Project("{FAE04EC0-301F-11D3-BF4B-00C04F79EFBC}") = "InfraEdgeAutomationTest", "InfraEdgeAutomationTest\InfraEdgeAutomationTest.csproj", "{78F3E629-4C3B-43C9-B42B-224FBA7FAA11}"
EndProject
Global
	GlobalSection(SolutionConfigurationPlatforms) = preSolution
		Debug|Any CPU = Debug|Any CPU
		Release|Any CPU = Release|Any CPU
	EndGlobalSection
	GlobalSection(ProjectConfigurationPlatforms) = postSolution
		{78F3E629-4C3B-43C9-B42B-224FBA7FAA11}.Debug|Any CPU.ActiveCfg = Debug|Any CPU
		{78F3E629-4C3B-43C9-B42B-224FBA7FAA11}.Debug|Any CPU.Build.0 = Debug|Any CPU
		{78F3E629-4C3B-43C9-B42B-224FBA7FAA11}.Release|Any CPU.ActiveCfg = Release|Any CPU
		{78F3E629-4C3B-43C9-B42B-224FBA7FAA11}.Release|Any CPU.Build.0 = Release|Any CPU
	EndGlobalSection
	GlobalSection(SolutionProperties) = preSolution
		HideSolutionNode = FALSE
	EndGlobalSection
	GlobalSection(ExtensibilityGlobals) = postSolution
		SolutionGuid = {C1F3ABD3-6869-41A1-831F-92A1D7916AF4}
	EndGlobalSection
EndGlobal
